// !$*UTF8*$!
{
	archiveVersion = 1;
	classes = {
	};
	objectVersion = 50;
	objects = {

/* Begin PBXBuildFile section */
		7A9A7ABA4E762206F6464C38 /* Pods_PlaygroundSampleTests.framework in Frameworks */ = {isa = PBXBuildFile; fileRef = 67D5F8C0FB8C25FF0A0FB053 /* Pods_PlaygroundSampleTests.framework */; };
		896EF7F639D8EF8DE419FD14 /* Pods_PlaygroundSample.framework in Frameworks */ = {isa = PBXBuildFile; fileRef = 3EE255D749955E0D67CD3467 /* Pods_PlaygroundSample.framework */; };
		BBAEA21F0991D07797571F30 /* Pods_PlaygroundSampleUITests.framework in Frameworks */ = {isa = PBXBuildFile; fileRef = 7240F1AE904D5DF29650897E /* Pods_PlaygroundSampleUITests.framework */; };
		D4BAC23C21BA06FA001E3D39 /* AppDelegate.swift in Sources */ = {isa = PBXBuildFile; fileRef = D4BAC23B21BA06FA001E3D39 /* AppDelegate.swift */; };
		D4BAC23E21BA06FA001E3D39 /* ViewController.swift in Sources */ = {isa = PBXBuildFile; fileRef = D4BAC23D21BA06FA001E3D39 /* ViewController.swift */; };
		D4BAC24121BA06FA001E3D39 /* Main.storyboard in Resources */ = {isa = PBXBuildFile; fileRef = D4BAC23F21BA06FA001E3D39 /* Main.storyboard */; };
		D4BAC24321BA06FC001E3D39 /* Assets.xcassets in Resources */ = {isa = PBXBuildFile; fileRef = D4BAC24221BA06FC001E3D39 /* Assets.xcassets */; };
		D4BAC24621BA06FC001E3D39 /* LaunchScreen.storyboard in Resources */ = {isa = PBXBuildFile; fileRef = D4BAC24421BA06FC001E3D39 /* LaunchScreen.storyboard */; };
		D4BAC25121BA06FC001E3D39 /* PlaygroundSampleTests.swift in Sources */ = {isa = PBXBuildFile; fileRef = D4BAC25021BA06FC001E3D39 /* PlaygroundSampleTests.swift */; };
		D4BAC25C21BA06FC001E3D39 /* PlaygroundSampleUITests.swift in Sources */ = {isa = PBXBuildFile; fileRef = D4BAC25B21BA06FC001E3D39 /* PlaygroundSampleUITests.swift */; };
/* End PBXBuildFile section */

/* Begin PBXContainerItemProxy section */
		D4BAC24D21BA06FC001E3D39 /* PBXContainerItemProxy */ = {
			isa = PBXContainerItemProxy;
			containerPortal = D4BAC23021BA06FA001E3D39 /* Project object */;
			proxyType = 1;
			remoteGlobalIDString = D4BAC23721BA06FA001E3D39;
			remoteInfo = PlaygroundSample;
		};
		D4BAC25821BA06FC001E3D39 /* PBXContainerItemProxy */ = {
			isa = PBXContainerItemProxy;
			containerPortal = D4BAC23021BA06FA001E3D39 /* Project object */;
			proxyType = 1;
			remoteGlobalIDString = D4BAC23721BA06FA001E3D39;
			remoteInfo = PlaygroundSample;
		};
/* End PBXContainerItemProxy section */

/* Begin PBXFileReference section */
		195E37874E145D08F1D2E3F7 /* Pods-PlaygroundSampleUITests.debug.xcconfig */ = {isa = PBXFileReference; includeInIndex = 1; lastKnownFileType = text.xcconfig; name = "Pods-PlaygroundSampleUITests.debug.xcconfig"; path = "Pods/Target Support Files/Pods-PlaygroundSampleUITests/Pods-PlaygroundSampleUITests.debug.xcconfig"; sourceTree = "<group>"; };
		2856F20983E6FF3F268DB61D /* Pods-PlaygroundSampleTests.debug.xcconfig */ = {isa = PBXFileReference; includeInIndex = 1; lastKnownFileType = text.xcconfig; name = "Pods-PlaygroundSampleTests.debug.xcconfig"; path = "Pods/Target Support Files/Pods-PlaygroundSampleTests/Pods-PlaygroundSampleTests.debug.xcconfig"; sourceTree = "<group>"; };
		2DA77AC937950AABBFA363AB /* Pods-PlaygroundSampleTests.release.xcconfig */ = {isa = PBXFileReference; includeInIndex = 1; lastKnownFileType = text.xcconfig; name = "Pods-PlaygroundSampleTests.release.xcconfig"; path = "Pods/Target Support Files/Pods-PlaygroundSampleTests/Pods-PlaygroundSampleTests.release.xcconfig"; sourceTree = "<group>"; };
		3EE255D749955E0D67CD3467 /* Pods_PlaygroundSample.framework */ = {isa = PBXFileReference; explicitFileType = wrapper.framework; includeInIndex = 0; path = Pods_PlaygroundSample.framework; sourceTree = BUILT_PRODUCTS_DIR; };
		519DF6C72BE750C7285B38E5 /* Pods-PlaygroundSample.debug.xcconfig */ = {isa = PBXFileReference; includeInIndex = 1; lastKnownFileType = text.xcconfig; name = "Pods-PlaygroundSample.debug.xcconfig"; path = "Pods/Target Support Files/Pods-PlaygroundSample/Pods-PlaygroundSample.debug.xcconfig"; sourceTree = "<group>"; };
		67D5F8C0FB8C25FF0A0FB053 /* Pods_PlaygroundSampleTests.framework */ = {isa = PBXFileReference; explicitFileType = wrapper.framework; includeInIndex = 0; path = Pods_PlaygroundSampleTests.framework; sourceTree = BUILT_PRODUCTS_DIR; };
		7240F1AE904D5DF29650897E /* Pods_PlaygroundSampleUITests.framework */ = {isa = PBXFileReference; explicitFileType = wrapper.framework; includeInIndex = 0; path = Pods_PlaygroundSampleUITests.framework; sourceTree = BUILT_PRODUCTS_DIR; };
		7363F23660B95F6F653E3F57 /* Pods-PlaygroundSampleUITests.release.xcconfig */ = {isa = PBXFileReference; includeInIndex = 1; lastKnownFileType = text.xcconfig; name = "Pods-PlaygroundSampleUITests.release.xcconfig"; path = "Pods/Target Support Files/Pods-PlaygroundSampleUITests/Pods-PlaygroundSampleUITests.release.xcconfig"; sourceTree = "<group>"; };
		D4BAC23821BA06FA001E3D39 /* PlaygroundSample.app */ = {isa = PBXFileReference; explicitFileType = wrapper.application; includeInIndex = 0; path = PlaygroundSample.app; sourceTree = BUILT_PRODUCTS_DIR; };
		D4BAC23B21BA06FA001E3D39 /* AppDelegate.swift */ = {isa = PBXFileReference; lastKnownFileType = sourcecode.swift; path = AppDelegate.swift; sourceTree = "<group>"; };
		D4BAC23D21BA06FA001E3D39 /* ViewController.swift */ = {isa = PBXFileReference; lastKnownFileType = sourcecode.swift; path = ViewController.swift; sourceTree = "<group>"; };
		D4BAC24021BA06FA001E3D39 /* Base */ = {isa = PBXFileReference; lastKnownFileType = file.storyboard; name = Base; path = Base.lproj/Main.storyboard; sourceTree = "<group>"; };
		D4BAC24221BA06FC001E3D39 /* Assets.xcassets */ = {isa = PBXFileReference; lastKnownFileType = folder.assetcatalog; path = Assets.xcassets; sourceTree = "<group>"; };
		D4BAC24521BA06FC001E3D39 /* Base */ = {isa = PBXFileReference; lastKnownFileType = file.storyboard; name = Base; path = Base.lproj/LaunchScreen.storyboard; sourceTree = "<group>"; };
		D4BAC24721BA06FC001E3D39 /* Info.plist */ = {isa = PBXFileReference; lastKnownFileType = text.plist.xml; path = Info.plist; sourceTree = "<group>"; };
		D4BAC24C21BA06FC001E3D39 /* PlaygroundSampleTests.xctest */ = {isa = PBXFileReference; explicitFileType = wrapper.cfbundle; includeInIndex = 0; path = PlaygroundSampleTests.xctest; sourceTree = BUILT_PRODUCTS_DIR; };
		D4BAC25021BA06FC001E3D39 /* PlaygroundSampleTests.swift */ = {isa = PBXFileReference; lastKnownFileType = sourcecode.swift; path = PlaygroundSampleTests.swift; sourceTree = "<group>"; };
		D4BAC25221BA06FC001E3D39 /* Info.plist */ = {isa = PBXFileReference; lastKnownFileType = text.plist.xml; path = Info.plist; sourceTree = "<group>"; };
		D4BAC25721BA06FC001E3D39 /* PlaygroundSampleUITests.xctest */ = {isa = PBXFileReference; explicitFileType = wrapper.cfbundle; includeInIndex = 0; path = PlaygroundSampleUITests.xctest; sourceTree = BUILT_PRODUCTS_DIR; };
		D4BAC25B21BA06FC001E3D39 /* PlaygroundSampleUITests.swift */ = {isa = PBXFileReference; lastKnownFileType = sourcecode.swift; path = PlaygroundSampleUITests.swift; sourceTree = "<group>"; };
		D4BAC25D21BA06FC001E3D39 /* Info.plist */ = {isa = PBXFileReference; lastKnownFileType = text.plist.xml; path = Info.plist; sourceTree = "<group>"; };
		D4BAC26921BA0798001E3D39 /* MyPlayground.playground */ = {isa = PBXFileReference; lastKnownFileType = file.playground; path = MyPlayground.playground; sourceTree = "<group>"; xcLanguageSpecificationIdentifier = xcode.lang.swift; };
		DE14ACA3412A7481DC78CE9D /* Pods-PlaygroundSample.release.xcconfig */ = {isa = PBXFileReference; includeInIndex = 1; lastKnownFileType = text.xcconfig; name = "Pods-PlaygroundSample.release.xcconfig"; path = "Pods/Target Support Files/Pods-PlaygroundSample/Pods-PlaygroundSample.release.xcconfig"; sourceTree = "<group>"; };
/* End PBXFileReference section */

/* Begin PBXFrameworksBuildPhase section */
		D4BAC23521BA06FA001E3D39 /* Frameworks */ = {
			isa = PBXFrameworksBuildPhase;
			buildActionMask = 2147483647;
			files = (
				896EF7F639D8EF8DE419FD14 /* Pods_PlaygroundSample.framework in Frameworks */,
			);
			runOnlyForDeploymentPostprocessing = 0;
		};
		D4BAC24921BA06FC001E3D39 /* Frameworks */ = {
			isa = PBXFrameworksBuildPhase;
			buildActionMask = 2147483647;
			files = (
				7A9A7ABA4E762206F6464C38 /* Pods_PlaygroundSampleTests.framework in Frameworks */,
			);
			runOnlyForDeploymentPostprocessing = 0;
		};
		D4BAC25421BA06FC001E3D39 /* Frameworks */ = {
			isa = PBXFrameworksBuildPhase;
			buildActionMask = 2147483647;
			files = (
				BBAEA21F0991D07797571F30 /* Pods_PlaygroundSampleUITests.framework in Frameworks */,
			);
			runOnlyForDeploymentPostprocessing = 0;
		};
/* End PBXFrameworksBuildPhase section */

/* Begin PBXGroup section */
		91765BD19624CA18E036F69C /* Frameworks */ = {
			isa = PBXGroup;
			children = (
				3EE255D749955E0D67CD3467 /* Pods_PlaygroundSample.framework */,
				67D5F8C0FB8C25FF0A0FB053 /* Pods_PlaygroundSampleTests.framework */,
				7240F1AE904D5DF29650897E /* Pods_PlaygroundSampleUITests.framework */,
			);
			name = Frameworks;
			sourceTree = "<group>";
		};
		B19FEBBCC9D7941C6354CC09 /* Pods */ = {
			isa = PBXGroup;
			children = (
				519DF6C72BE750C7285B38E5 /* Pods-PlaygroundSample.debug.xcconfig */,
				DE14ACA3412A7481DC78CE9D /* Pods-PlaygroundSample.release.xcconfig */,
				2856F20983E6FF3F268DB61D /* Pods-PlaygroundSampleTests.debug.xcconfig */,
				2DA77AC937950AABBFA363AB /* Pods-PlaygroundSampleTests.release.xcconfig */,
				195E37874E145D08F1D2E3F7 /* Pods-PlaygroundSampleUITests.debug.xcconfig */,
				7363F23660B95F6F653E3F57 /* Pods-PlaygroundSampleUITests.release.xcconfig */,
			);
			name = Pods;
			sourceTree = "<group>";
		};
		D4BAC22F21BA06FA001E3D39 = {
			isa = PBXGroup;
			children = (
				D4BAC23A21BA06FA001E3D39 /* PlaygroundSample */,
				D4BAC24F21BA06FC001E3D39 /* PlaygroundSampleTests */,
				D4BAC25A21BA06FC001E3D39 /* PlaygroundSampleUITests */,
				D4BAC23921BA06FA001E3D39 /* Products */,
				B19FEBBCC9D7941C6354CC09 /* Pods */,
				91765BD19624CA18E036F69C /* Frameworks */,
			);
			sourceTree = "<group>";
		};
		D4BAC23921BA06FA001E3D39 /* Products */ = {
			isa = PBXGroup;
			children = (
				D4BAC23821BA06FA001E3D39 /* PlaygroundSample.app */,
				D4BAC24C21BA06FC001E3D39 /* PlaygroundSampleTests.xctest */,
				D4BAC25721BA06FC001E3D39 /* PlaygroundSampleUITests.xctest */,
			);
			name = Products;
			sourceTree = "<group>";
		};
		D4BAC23A21BA06FA001E3D39 /* PlaygroundSample */ = {
			isa = PBXGroup;
			children = (
				D4BAC23B21BA06FA001E3D39 /* AppDelegate.swift */,
				D4BAC23D21BA06FA001E3D39 /* ViewController.swift */,
				D4BAC23F21BA06FA001E3D39 /* Main.storyboard */,
				D4BAC24221BA06FC001E3D39 /* Assets.xcassets */,
				D4BAC24421BA06FC001E3D39 /* LaunchScreen.storyboard */,
				D4BAC24721BA06FC001E3D39 /* Info.plist */,
				D4BAC26921BA0798001E3D39 /* MyPlayground.playground */,
			);
			path = PlaygroundSample;
			sourceTree = "<group>";
		};
		D4BAC24F21BA06FC001E3D39 /* PlaygroundSampleTests */ = {
			isa = PBXGroup;
			children = (
				D4BAC25021BA06FC001E3D39 /* PlaygroundSampleTests.swift */,
				D4BAC25221BA06FC001E3D39 /* Info.plist */,
			);
			path = PlaygroundSampleTests;
			sourceTree = "<group>";
		};
		D4BAC25A21BA06FC001E3D39 /* PlaygroundSampleUITests */ = {
			isa = PBXGroup;
			children = (
				D4BAC25B21BA06FC001E3D39 /* PlaygroundSampleUITests.swift */,
				D4BAC25D21BA06FC001E3D39 /* Info.plist */,
			);
			path = PlaygroundSampleUITests;
			sourceTree = "<group>";
		};
/* End PBXGroup section */

/* Begin PBXNativeTarget section */
		D4BAC23721BA06FA001E3D39 /* PlaygroundSample */ = {
			isa = PBXNativeTarget;
			buildConfigurationList = D4BAC26021BA06FC001E3D39 /* Build configuration list for PBXNativeTarget "PlaygroundSample" */;
			buildPhases = (
				9E08F9DBC60562E0E9614964 /* [CP] Check Pods Manifest.lock */,
				D4BAC23421BA06FA001E3D39 /* Sources */,
				D4BAC23521BA06FA001E3D39 /* Frameworks */,
				D4BAC23621BA06FA001E3D39 /* Resources */,
				B4150DE0DB3101B83E2C97FD /* [CP] Embed Pods Frameworks */,
			);
			buildRules = (
			);
			dependencies = (
			);
			name = PlaygroundSample;
			productName = PlaygroundSample;
			productReference = D4BAC23821BA06FA001E3D39 /* PlaygroundSample.app */;
			productType = "com.apple.product-type.application";
		};
		D4BAC24B21BA06FC001E3D39 /* PlaygroundSampleTests */ = {
			isa = PBXNativeTarget;
			buildConfigurationList = D4BAC26321BA06FC001E3D39 /* Build configuration list for PBXNativeTarget "PlaygroundSampleTests" */;
			buildPhases = (
				633D4B35B5E5F3BF9DF53815 /* [CP] Check Pods Manifest.lock */,
				D4BAC24821BA06FC001E3D39 /* Sources */,
				D4BAC24921BA06FC001E3D39 /* Frameworks */,
				D4BAC24A21BA06FC001E3D39 /* Resources */,
			);
			buildRules = (
			);
			dependencies = (
				D4BAC24E21BA06FC001E3D39 /* PBXTargetDependency */,
			);
			name = PlaygroundSampleTests;
			productName = PlaygroundSampleTests;
			productReference = D4BAC24C21BA06FC001E3D39 /* PlaygroundSampleTests.xctest */;
			productType = "com.apple.product-type.bundle.unit-test";
		};
		D4BAC25621BA06FC001E3D39 /* PlaygroundSampleUITests */ = {
			isa = PBXNativeTarget;
			buildConfigurationList = D4BAC26621BA06FC001E3D39 /* Build configuration list for PBXNativeTarget "PlaygroundSampleUITests" */;
			buildPhases = (
				9990C0C6E71A9DC3D4E40BD4 /* [CP] Check Pods Manifest.lock */,
				D4BAC25321BA06FC001E3D39 /* Sources */,
				D4BAC25421BA06FC001E3D39 /* Frameworks */,
				D4BAC25521BA06FC001E3D39 /* Resources */,
			);
			buildRules = (
			);
			dependencies = (
				D4BAC25921BA06FC001E3D39 /* PBXTargetDependency */,
			);
			name = PlaygroundSampleUITests;
			productName = PlaygroundSampleUITests;
			productReference = D4BAC25721BA06FC001E3D39 /* PlaygroundSampleUITests.xctest */;
			productType = "com.apple.product-type.bundle.ui-testing";
		};
/* End PBXNativeTarget section */

/* Begin PBXProject section */
		D4BAC23021BA06FA001E3D39 /* Project object */ = {
			isa = PBXProject;
			attributes = {
				LastSwiftUpdateCheck = 1010;
				LastUpgradeCheck = 1010;
				ORGANIZATIONNAME = "石垣駿";
				TargetAttributes = {
					D4BAC23721BA06FA001E3D39 = {
						CreatedOnToolsVersion = 10.1;
					};
					D4BAC24B21BA06FC001E3D39 = {
						CreatedOnToolsVersion = 10.1;
						TestTargetID = D4BAC23721BA06FA001E3D39;
					};
					D4BAC25621BA06FC001E3D39 = {
						CreatedOnToolsVersion = 10.1;
						TestTargetID = D4BAC23721BA06FA001E3D39;
					};
				};
			};
			buildConfigurationList = D4BAC23321BA06FA001E3D39 /* Build configuration list for PBXProject "PlaygroundSample" */;
			compatibilityVersion = "Xcode 9.3";
			developmentRegion = en;
			hasScannedForEncodings = 0;
			knownRegions = (
				en,
				Base,
			);
			mainGroup = D4BAC22F21BA06FA001E3D39;
			productRefGroup = D4BAC23921BA06FA001E3D39 /* Products */;
			projectDirPath = "";
			projectRoot = "";
			targets = (
				D4BAC23721BA06FA001E3D39 /* PlaygroundSample */,
				D4BAC24B21BA06FC001E3D39 /* PlaygroundSampleTests */,
				D4BAC25621BA06FC001E3D39 /* PlaygroundSampleUITests */,
			);
		};
/* End PBXProject section */

/* Begin PBXResourcesBuildPhase section */
		D4BAC23621BA06FA001E3D39 /* Resources */ = {
			isa = PBXResourcesBuildPhase;
			buildActionMask = 2147483647;
			files = (
				D4BAC24621BA06FC001E3D39 /* LaunchScreen.storyboard in Resources */,
				D4BAC24321BA06FC001E3D39 /* Assets.xcassets in Resources */,
				D4BAC24121BA06FA001E3D39 /* Main.storyboard in Resources */,
			);
			runOnlyForDeploymentPostprocessing = 0;
		};
		D4BAC24A21BA06FC001E3D39 /* Resources */ = {
			isa = PBXResourcesBuildPhase;
			buildActionMask = 2147483647;
			files = (
			);
			runOnlyForDeploymentPostprocessing = 0;
		};
		D4BAC25521BA06FC001E3D39 /* Resources */ = {
			isa = PBXResourcesBuildPhase;
			buildActionMask = 2147483647;
			files = (
			);
			runOnlyForDeploymentPostprocessing = 0;
		};
/* End PBXResourcesBuildPhase section */

/* Begin PBXShellScriptBuildPhase section */
		633D4B35B5E5F3BF9DF53815 /* [CP] Check Pods Manifest.lock */ = {
			isa = PBXShellScriptBuildPhase;
			buildActionMask = 2147483647;
			files = (
			);
			inputFileListPaths = (
			);
			inputPaths = (
				"${PODS_PODFILE_DIR_PATH}/Podfile.lock",
				"${PODS_ROOT}/Manifest.lock",
			);
			name = "[CP] Check Pods Manifest.lock";
			outputFileListPaths = (
			);
			outputPaths = (
				"$(DERIVED_FILE_DIR)/Pods-PlaygroundSampleTests-checkManifestLockResult.txt",
			);
			runOnlyForDeploymentPostprocessing = 0;
			shellPath = /bin/sh;
			shellScript = "diff \"${PODS_PODFILE_DIR_PATH}/Podfile.lock\" \"${PODS_ROOT}/Manifest.lock\" > /dev/null\nif [ $? != 0 ] ; then\n    # print error to STDERR\n    echo \"error: The sandbox is not in sync with the Podfile.lock. Run 'pod install' or update your CocoaPods installation.\" >&2\n    exit 1\nfi\n# This output is used by Xcode 'outputs' to avoid re-running this script phase.\necho \"SUCCESS\" > \"${SCRIPT_OUTPUT_FILE_0}\"\n";
			showEnvVarsInLog = 0;
		};
		9990C0C6E71A9DC3D4E40BD4 /* [CP] Check Pods Manifest.lock */ = {
			isa = PBXShellScriptBuildPhase;
			buildActionMask = 2147483647;
			files = (
			);
			inputFileListPaths = (
			);
			inputPaths = (
				"${PODS_PODFILE_DIR_PATH}/Podfile.lock",
				"${PODS_ROOT}/Manifest.lock",
			);
			name = "[CP] Check Pods Manifest.lock";
			outputFileListPaths = (
			);
			outputPaths = (
				"$(DERIVED_FILE_DIR)/Pods-PlaygroundSampleUITests-checkManifestLockResult.txt",
			);
			runOnlyForDeploymentPostprocessing = 0;
			shellPath = /bin/sh;
			shellScript = "diff \"${PODS_PODFILE_DIR_PATH}/Podfile.lock\" \"${PODS_ROOT}/Manifest.lock\" > /dev/null\nif [ $? != 0 ] ; then\n    # print error to STDERR\n    echo \"error: The sandbox is not in sync with the Podfile.lock. Run 'pod install' or update your CocoaPods installation.\" >&2\n    exit 1\nfi\n# This output is used by Xcode 'outputs' to avoid re-running this script phase.\necho \"SUCCESS\" > \"${SCRIPT_OUTPUT_FILE_0}\"\n";
			showEnvVarsInLog = 0;
		};
		9E08F9DBC60562E0E9614964 /* [CP] Check Pods Manifest.lock */ = {
			isa = PBXShellScriptBuildPhase;
			buildActionMask = 2147483647;
			files = (
			);
			inputFileListPaths = (
			);
			inputPaths = (
				"${PODS_PODFILE_DIR_PATH}/Podfile.lock",
				"${PODS_ROOT}/Manifest.lock",
			);
			name = "[CP] Check Pods Manifest.lock";
			outputFileListPaths = (
			);
			outputPaths = (
				"$(DERIVED_FILE_DIR)/Pods-PlaygroundSample-checkManifestLockResult.txt",
			);
			runOnlyForDeploymentPostprocessing = 0;
			shellPath = /bin/sh;
			shellScript = "diff \"${PODS_PODFILE_DIR_PATH}/Podfile.lock\" \"${PODS_ROOT}/Manifest.lock\" > /dev/null\nif [ $? != 0 ] ; then\n    # print error to STDERR\n    echo \"error: The sandbox is not in sync with the Podfile.lock. Run 'pod install' or update your CocoaPods installation.\" >&2\n    exit 1\nfi\n# This output is used by Xcode 'outputs' to avoid re-running this script phase.\necho \"SUCCESS\" > \"${SCRIPT_OUTPUT_FILE_0}\"\n";
			showEnvVarsInLog = 0;
		};
		B4150DE0DB3101B83E2C97FD /* [CP] Embed Pods Frameworks */ = {
			isa = PBXShellScriptBuildPhase;
			buildActionMask = 2147483647;
			files = (
			);
			inputFileListPaths = (
			);
			inputPaths = (
				"${SRCROOT}/Pods/Target Support Files/Pods-PlaygroundSample/Pods-PlaygroundSample-frameworks.sh",
				"${BUILT_PRODUCTS_DIR}/RxCocoa/RxCocoa.framework",
				"${BUILT_PRODUCTS_DIR}/RxSwift/RxSwift.framework",
			);
			name = "[CP] Embed Pods Frameworks";
			outputFileListPaths = (
			);
			outputPaths = (
				"${TARGET_BUILD_DIR}/${FRAMEWORKS_FOLDER_PATH}/RxCocoa.framework",
				"${TARGET_BUILD_DIR}/${FRAMEWORKS_FOLDER_PATH}/RxSwift.framework",
			);
			runOnlyForDeploymentPostprocessing = 0;
			shellPath = /bin/sh;
			shellScript = "\"${SRCROOT}/Pods/Target Support Files/Pods-PlaygroundSample/Pods-PlaygroundSample-frameworks.sh\"\n";
			showEnvVarsInLog = 0;
		};
/* End PBXShellScriptBuildPhase section */

/* Begin PBXSourcesBuildPhase section */
		D4BAC23421BA06FA001E3D39 /* Sources */ = {
			isa = PBXSourcesBuildPhase;
			buildActionMask = 2147483647;
			files = (
				D4BAC23E21BA06FA001E3D39 /* ViewController.swift in Sources */,
				D4BAC23C21BA06FA001E3D39 /* AppDelegate.swift in Sources */,
			);
			runOnlyForDeploymentPostprocessing = 0;
		};
		D4BAC24821BA06FC001E3D39 /* Sources */ = {
			isa = PBXSourcesBuildPhase;
			buildActionMask = 2147483647;
			files = (
				D4BAC25121BA06FC001E3D39 /* PlaygroundSampleTests.swift in Sources */,
			);
			runOnlyForDeploymentPostprocessing = 0;
		};
		D4BAC25321BA06FC001E3D39 /* Sources */ = {
			isa = PBXSourcesBuildPhase;
			buildActionMask = 2147483647;
			files = (
				D4BAC25C21BA06FC001E3D39 /* PlaygroundSampleUITests.swift in Sources */,
			);
			runOnlyForDeploymentPostprocessing = 0;
		};
/* End PBXSourcesBuildPhase section */

/* Begin PBXTargetDependency section */
		D4BAC24E21BA06FC001E3D39 /* PBXTargetDependency */ = {
			isa = PBXTargetDependency;
			target = D4BAC23721BA06FA001E3D39 /* PlaygroundSample */;
			targetProxy = D4BAC24D21BA06FC001E3D39 /* PBXContainerItemProxy */;
		};
		D4BAC25921BA06FC001E3D39 /* PBXTargetDependency */ = {
			isa = PBXTargetDependency;
			target = D4BAC23721BA06FA001E3D39 /* PlaygroundSample */;
			targetProxy = D4BAC25821BA06FC001E3D39 /* PBXContainerItemProxy */;
		};
/* End PBXTargetDependency section */

/* Begin PBXVariantGroup section */
		D4BAC23F21BA06FA001E3D39 /* Main.storyboard */ = {
			isa = PBXVariantGroup;
			children = (
				D4BAC24021BA06FA001E3D39 /* Base */,
			);
			name = Main.storyboard;
			sourceTree = "<group>";
		};
		D4BAC24421BA06FC001E3D39 /* LaunchScreen.storyboard */ = {
			isa = PBXVariantGroup;
			children = (
				D4BAC24521BA06FC001E3D39 /* Base */,
			);
			name = LaunchScreen.storyboard;
			sourceTree = "<group>";
		};
/* End PBXVariantGroup section */

/* Begin XCBuildConfiguration section */
		D4BAC25E21BA06FC001E3D39 /* Debug */ = {
			isa = XCBuildConfiguration;
			buildSettings = {
				ALWAYS_SEARCH_USER_PATHS = NO;
				CLANG_ANALYZER_NONNULL = YES;
				CLANG_ANALYZER_NUMBER_OBJECT_CONVERSION = YES_AGGRESSIVE;
				CLANG_CXX_LANGUAGE_STANDARD = "gnu++14";
				CLANG_CXX_LIBRARY = "libc++";
				CLANG_ENABLE_MODULES = YES;
				CLANG_ENABLE_OBJC_ARC = YES;
				CLANG_ENABLE_OBJC_WEAK = YES;
				CLANG_WARN_BLOCK_CAPTURE_AUTORELEASING = YES;
				CLANG_WARN_BOOL_CONVERSION = YES;
				CLANG_WARN_COMMA = YES;
				CLANG_WARN_CONSTANT_CONVERSION = YES;
				CLANG_WARN_DEPRECATED_OBJC_IMPLEMENTATIONS = YES;
				CLANG_WARN_DIRECT_OBJC_ISA_USAGE = YES_ERROR;
				CLANG_WARN_DOCUMENTATION_COMMENTS = YES;
				CLANG_WARN_EMPTY_BODY = YES;
				CLANG_WARN_ENUM_CONVERSION = YES;
				CLANG_WARN_INFINITE_RECURSION = YES;
				CLANG_WARN_INT_CONVERSION = YES;
				CLANG_WARN_NON_LITERAL_NULL_CONVERSION = YES;
				CLANG_WARN_OBJC_IMPLICIT_RETAIN_SELF = YES;
				CLANG_WARN_OBJC_LITERAL_CONVERSION = YES;
				CLANG_WARN_OBJC_ROOT_CLASS = YES_ERROR;
				CLANG_WARN_RANGE_LOOP_ANALYSIS = YES;
				CLANG_WARN_STRICT_PROTOTYPES = YES;
				CLANG_WARN_SUSPICIOUS_MOVE = YES;
				CLANG_WARN_UNGUARDED_AVAILABILITY = YES_AGGRESSIVE;
				CLANG_WARN_UNREACHABLE_CODE = YES;
				CLANG_WARN__DUPLICATE_METHOD_MATCH = YES;
				CODE_SIGN_IDENTITY = "iPhone Developer";
				COPY_PHASE_STRIP = NO;
				DEBUG_INFORMATION_FORMAT = dwarf;
				ENABLE_STRICT_OBJC_MSGSEND = YES;
				ENABLE_TESTABILITY = YES;
				GCC_C_LANGUAGE_STANDARD = gnu11;
				GCC_DYNAMIC_NO_PIC = NO;
				GCC_NO_COMMON_BLOCKS = YES;
				GCC_OPTIMIZATION_LEVEL = 0;
				GCC_PREPROCESSOR_DEFINITIONS = (
					"DEBUG=1",
					"$(inherited)",
				);
				GCC_WARN_64_TO_32_BIT_CONVERSION = YES;
				GCC_WARN_ABOUT_RETURN_TYPE = YES_ERROR;
				GCC_WARN_UNDECLARED_SELECTOR = YES;
				GCC_WARN_UNINITIALIZED_AUTOS = YES_AGGRESSIVE;
				GCC_WARN_UNUSED_FUNCTION = YES;
				GCC_WARN_UNUSED_VARIABLE = YES;
				IPHONEOS_DEPLOYMENT_TARGET = 12.1;
				MTL_ENABLE_DEBUG_INFO = INCLUDE_SOURCE;
				MTL_FAST_MATH = YES;
				ONLY_ACTIVE_ARCH = YES;
				SDKROOT = iphoneos;
				SWIFT_ACTIVE_COMPILATION_CONDITIONS = DEBUG;
				SWIFT_OPTIMIZATION_LEVEL = "-Onone";
			};
			name = Debug;
		};
		D4BAC25F21BA06FC001E3D39 /* Release */ = {
			isa = XCBuildConfiguration;
			buildSettings = {
				ALWAYS_SEARCH_USER_PATHS = NO;
				CLANG_ANALYZER_NONNULL = YES;
				CLANG_ANALYZER_NUMBER_OBJECT_CONVERSION = YES_AGGRESSIVE;
				CLANG_CXX_LANGUAGE_STANDARD = "gnu++14";
				CLANG_CXX_LIBRARY = "libc++";
				CLANG_ENABLE_MODULES = YES;
				CLANG_ENABLE_OBJC_ARC = YES;
				CLANG_ENABLE_OBJC_WEAK = YES;
				CLANG_WARN_BLOCK_CAPTURE_AUTORELEASING = YES;
				CLANG_WARN_BOOL_CONVERSION = YES;
				CLANG_WARN_COMMA = YES;
				CLANG_WARN_CONSTANT_CONVERSION = YES;
				CLANG_WARN_DEPRECATED_OBJC_IMPLEMENTATIONS = YES;
				CLANG_WARN_DIRECT_OBJC_ISA_USAGE = YES_ERROR;
				CLANG_WARN_DOCUMENTATION_COMMENTS = YES;
				CLANG_WARN_EMPTY_BODY = YES;
				CLANG_WARN_ENUM_CONVERSION = YES;
				CLANG_WARN_INFINITE_RECURSION = YES;
				CLANG_WARN_INT_CONVERSION = YES;
				CLANG_WARN_NON_LITERAL_NULL_CONVERSION = YES;
				CLANG_WARN_OBJC_IMPLICIT_RETAIN_SELF = YES;
				CLANG_WARN_OBJC_LITERAL_CONVERSION = YES;
				CLANG_WARN_OBJC_ROOT_CLASS = YES_ERROR;
				CLANG_WARN_RANGE_LOOP_ANALYSIS = YES;
				CLANG_WARN_STRICT_PROTOTYPES = YES;
				CLANG_WARN_SUSPICIOUS_MOVE = YES;
				CLANG_WARN_UNGUARDED_AVAILABILITY = YES_AGGRESSIVE;
				CLANG_WARN_UNREACHABLE_CODE = YES;
				CLANG_WARN__DUPLICATE_METHOD_MATCH = YES;
				CODE_SIGN_IDENTITY = "iPhone Developer";
				COPY_PHASE_STRIP = NO;
				DEBUG_INFORMATION_FORMAT = "dwarf-with-dsym";
				ENABLE_NS_ASSERTIONS = NO;
				ENABLE_STRICT_OBJC_MSGSEND = YES;
				GCC_C_LANGUAGE_STANDARD = gnu11;
				GCC_NO_COMMON_BLOCKS = YES;
				GCC_WARN_64_TO_32_BIT_CONVERSION = YES;
				GCC_WARN_ABOUT_RETURN_TYPE = YES_ERROR;
				GCC_WARN_UNDECLARED_SELECTOR = YES;
				GCC_WARN_UNINITIALIZED_AUTOS = YES_AGGRESSIVE;
				GCC_WARN_UNUSED_FUNCTION = YES;
				GCC_WARN_UNUSED_VARIABLE = YES;
				IPHONEOS_DEPLOYMENT_TARGET = 12.1;
				MTL_ENABLE_DEBUG_INFO = NO;
				MTL_FAST_MATH = YES;
				SDKROOT = iphoneos;
				SWIFT_COMPILATION_MODE = wholemodule;
				SWIFT_OPTIMIZATION_LEVEL = "-O";
				VALIDATE_PRODUCT = YES;
			};
			name = Release;
		};
		D4BAC26121BA06FC001E3D39 /* Debug */ = {
			isa = XCBuildConfiguration;
			baseConfigurationReference = 519DF6C72BE750C7285B38E5 /* Pods-PlaygroundSample.debug.xcconfig */;
			buildSettings = {
				ASSETCATALOG_COMPILER_APPICON_NAME = AppIcon;
				CODE_SIGN_STYLE = Automatic;
				DEVELOPMENT_TEAM = F3HJY6DZW3;
				INFOPLIST_FILE = PlaygroundSample/Info.plist;
				LD_RUNPATH_SEARCH_PATHS = (
					"$(inherited)",
					"@executable_path/Frameworks",
				);
				PRODUCT_BUNDLE_IDENTIFIER = "mht-ishigaki.PlaygroundSample";
				PRODUCT_NAME = "$(TARGET_NAME)";
				SWIFT_VERSION = 4.2;
				TARGETED_DEVICE_FAMILY = "1,2";
			};
			name = Debug;
		};
		D4BAC26221BA06FC001E3D39 /* Release */ = {
			isa = XCBuildConfiguration;
			baseConfigurationReference = DE14ACA3412A7481DC78CE9D /* Pods-PlaygroundSample.release.xcconfig */;
			buildSettings = {
				ASSETCATALOG_COMPILER_APPICON_NAME = AppIcon;
				CODE_SIGN_STYLE = Automatic;
				DEVELOPMENT_TEAM = F3HJY6DZW3;
				INFOPLIST_FILE = PlaygroundSample/Info.plist;
				LD_RUNPATH_SEARCH_PATHS = (
					"$(inherited)",
					"@executable_path/Frameworks",
				);
				PRODUCT_BUNDLE_IDENTIFIER = "mht-ishigaki.PlaygroundSample";
				PRODUCT_NAME = "$(TARGET_NAME)";
				SWIFT_VERSION = 4.2;
				TARGETED_DEVICE_FAMILY = "1,2";
			};
			name = Release;
		};
		D4BAC26421BA06FC001E3D39 /* Debug */ = {
			isa = XCBuildConfiguration;
			baseConfigurationReference = 2856F20983E6FF3F268DB61D /* Pods-PlaygroundSampleTests.debug.xcconfig */;
			buildSettings = {
				ALWAYS_EMBED_SWIFT_STANDARD_LIBRARIES = YES;
				BUNDLE_LOADER = "$(TEST_HOST)";
				CODE_SIGN_STYLE = Automatic;
				DEVELOPMENT_TEAM = F3HJY6DZW3;
				INFOPLIST_FILE = PlaygroundSampleTests/Info.plist;
				LD_RUNPATH_SEARCH_PATHS = (
					"$(inherited)",
					"@executable_path/Frameworks",
					"@loader_path/Frameworks",
				);
				PRODUCT_BUNDLE_IDENTIFIER = "mht-ishigaki.PlaygroundSampleTests";
				PRODUCT_NAME = "$(TARGET_NAME)";
				SWIFT_VERSION = 4.2;
				TARGETED_DEVICE_FAMILY = "1,2";
				TEST_HOST = "$(BUILT_PRODUCTS_DIR)/PlaygroundSample.app/PlaygroundSample";
			};
			name = Debug;
		};
		D4BAC26521BA06FC001E3D39 /* Release */ = {
			isa = XCBuildConfiguration;
			baseConfigurationReference = 2DA77AC937950AABBFA363AB /* Pods-PlaygroundSampleTests.release.xcconfig */;
			buildSettings = {
				ALWAYS_EMBED_SWIFT_STANDARD_LIBRARIES = YES;
				BUNDLE_LOADER = "$(TEST_HOST)";
				CODE_SIGN_STYLE = Automatic;
				DEVELOPMENT_TEAM = F3HJY6DZW3;
				INFOPLIST_FILE = PlaygroundSampleTests/Info.plist;
				LD_RUNPATH_SEARCH_PATHS = (
					"$(inherited)",
					"@executable_path/Frameworks",
					"@loader_path/Frameworks",
				);
				PRODUCT_BUNDLE_IDENTIFIER = "mht-ishigaki.PlaygroundSampleTests";
				PRODUCT_NAME = "$(TARGET_NAME)";
				SWIFT_VERSION = 4.2;
				TARGETED_DEVICE_FAMILY = "1,2";
				TEST_HOST = "$(BUILT_PRODUCTS_DIR)/PlaygroundSample.app/PlaygroundSample";
			};
			name = Release;
		};
		D4BAC26721BA06FC001E3D39 /* Debug */ = {
			isa = XCBuildConfiguration;
			baseConfigurationReference = 195E37874E145D08F1D2E3F7 /* Pods-PlaygroundSampleUITests.debug.xcconfig */;
			buildSettings = {
				ALWAYS_EMBED_SWIFT_STANDARD_LIBRARIES = YES;
				CODE_SIGN_STYLE = Automatic;
				DEVELOPMENT_TEAM = F3HJY6DZW3;
				INFOPLIST_FILE = PlaygroundSampleUITests/Info.plist;
				LD_RUNPATH_SEARCH_PATHS = (
					"$(inherited)",
					"@executable_path/Frameworks",
					"@loader_path/Frameworks",
				);
				PRODUCT_BUNDLE_IDENTIFIER = "mht-ishigaki.PlaygroundSampleUITests";
				PRODUCT_NAME = "$(TARGET_NAME)";
				SWIFT_VERSION = 4.2;
				TARGETED_DEVICE_FAMILY = "1,2";
				TEST_TARGET_NAME = PlaygroundSample;
			};
			name = Debug;
		};
		D4BAC26821BA06FC001E3D39 /* Release */ = {
			isa = XCBuildConfiguration;
			baseConfigurationReference = 7363F23660B95F6F653E3F57 /* Pods-PlaygroundSampleUITests.release.xcconfig */;
			buildSettings = {
				ALWAYS_EMBED_SWIFT_STANDARD_LIBRARIES = YES;
				CODE_SIGN_STYLE = Automatic;
				DEVELOPMENT_TEAM = F3HJY6DZW3;
				INFOPLIST_FILE = PlaygroundSampleUITests/Info.plist;
				LD_RUNPATH_SEARCH_PATHS = (
					"$(inherited)",
					"@executable_path/Frameworks",
					"@loader_path/Frameworks",
				);
				PRODUCT_BUNDLE_IDENTIFIER = "mht-ishigaki.PlaygroundSampleUITests";
				PRODUCT_NAME = "$(TARGET_NAME)";
				SWIFT_VERSION = 4.2;
				TARGETED_DEVICE_FAMILY = "1,2";
				TEST_TARGET_NAME = PlaygroundSample;
			};
			name = Release;
		};
/* End XCBuildConfiguration section */

/* Begin XCConfigurationList section */
		D4BAC23321BA06FA001E3D39 /* Build configuration list for PBXProject "PlaygroundSample" */ = {
			isa = XCConfigurationList;
			buildConfigurations = (
				D4BAC25E21BA06FC001E3D39 /* Debug */,
				D4BAC25F21BA06FC001E3D39 /* Release */,
			);
			defaultConfigurationIsVisible = 0;
			defaultConfigurationName = Release;
		};
		D4BAC26021BA06FC001E3D39 /* Build configuration list for PBXNativeTarget "PlaygroundSample" */ = {
			isa = XCConfigurationList;
			buildConfigurations = (
				D4BAC26121BA06FC001E3D39 /* Debug */,
				D4BAC26221BA06FC001E3D39 /* Release */,
			);
			defaultConfigurationIsVisible = 0;
			defaultConfigurationName = Release;
		};
		D4BAC26321BA06FC001E3D39 /* Build configuration list for PBXNativeTarget "PlaygroundSampleTests" */ = {
			isa = XCConfigurationList;
			buildConfigurations = (
				D4BAC26421BA06FC001E3D39 /* Debug */,
				D4BAC26521BA06FC001E3D39 /* Release */,
			);
			defaultConfigurationIsVisible = 0;
			defaultConfigurationName = Release;
		};
		D4BAC26621BA06FC001E3D39 /* Build configuration list for PBXNativeTarget "PlaygroundSampleUITests" */ = {
			isa = XCConfigurationList;
			buildConfigurations = (
				D4BAC26721BA06FC001E3D39 /* Debug */,
				D4BAC26821BA06FC001E3D39 /* Release */,
			);
			defaultConfigurationIsVisible = 0;
			defaultConfigurationName = Release;
		};
/* End XCConfigurationList section */
	};
	rootObject = D4BAC23021BA06FA001E3D39 /* Project object */;
}
